
Microsoft Visual Studio Solution File, Format Version 12.00
# Visual Studio Version 17
VisualStudioVersion = 17.7.34221.43
MinimumVisualStudioVersion = 10.0.40219.1
Project("{FAE04EC0-301F-11D3-BF4B-00C04F79EFBC}") = "BUS_RESERVATION_SYSTEM", "BUS_RESERVATION_SYSTEM\BUS_RESERVATION_SYSTEM.csproj", "{7CDA913F-79E6-465D-94D7-99BAC171AA42}"
EndProject
Global
	GlobalSection(SolutionConfigurationPlatforms) = preSolution
		Debug|Any CPU = Debug|Any CPU
		Release|Any CPU = Release|Any CPU
	EndGlobalSection
	GlobalSection(ProjectConfigurationPlatforms) = postSolution
		{7CDA913F-79E6-465D-94D7-99BAC171AA42}.Debug|Any CPU.ActiveCfg = Debug|Any CPU
		{7CDA913F-79E6-465D-94D7-99BAC171AA42}.Debug|Any CPU.Build.0 = Debug|Any CPU
		{7CDA913F-79E6-465D-94D7-99BAC171AA42}.Release|Any CPU.ActiveCfg = Release|Any CPU
		{7CDA913F-79E6-465D-94D7-99BAC171AA42}.Release|Any CPU.Build.0 = Release|Any CPU
	EndGlobalSection
	GlobalSection(SolutionProperties) = preSolution
		HideSolutionNode = FALSE
	EndGlobalSection
	GlobalSection(ExtensibilityGlobals) = postSolution
		SolutionGuid = {1DEBE0B7-CD2C-416A-9046-2B055EE889C0}
	EndGlobalSection
EndGlobal
